
Microsoft Visual Studio Solution File, Format Version 12.00
# Visual Studio 15
VisualStudioVersion = 15.0.28307.271
MinimumVisualStudioVersion = 10.0.40219.1
Project("{FAE04EC0-301F-11D3-BF4B-00C04F79EFBC}") = "Lab1ED2", "Lab1ED2\Lab1ED2.csproj", "{0DA7FA63-F4E4-427B-986B-042E0AF6030A}"
EndProject
Global
	GlobalSection(SolutionConfigurationPlatforms) = preSolution
		Debug|Any CPU = Debug|Any CPU
		Release|Any CPU = Release|Any CPU
	EndGlobalSection
	GlobalSection(ProjectConfigurationPlatforms) = postSolution
		{0DA7FA63-F4E4-427B-986B-042E0AF6030A}.Debug|Any CPU.ActiveCfg = Debug|Any CPU
		{0DA7FA63-F4E4-427B-986B-042E0AF6030A}.Debug|Any CPU.Build.0 = Debug|Any CPU
		{0DA7FA63-F4E4-427B-986B-042E0AF6030A}.Release|Any CPU.ActiveCfg = Release|Any CPU
		{0DA7FA63-F4E4-427B-986B-042E0AF6030A}.Release|Any CPU.Build.0 = Release|Any CPU
	EndGlobalSection
	GlobalSection(SolutionProperties) = preSolution
		HideSolutionNode = FALSE
	EndGlobalSection
	GlobalSection(ExtensibilityGlobals) = postSolution
		SolutionGuid = {A4A33FDF-5638-40A1-A90C-A9F929C8A86D}
	EndGlobalSection
EndGlobal
